
Microsoft Visual Studio Solution File, Format Version 12.00
# Visual Studio Version 17
VisualStudioVersion = 17.0.31903.59
MinimumVisualStudioVersion = 10.0.40219.1
Project("{2150E333-8FDC-42A3-9474-1A3956D46DE8}") = "src", "src", "{827E0CD3-B72D-47B6-A68D-7590B98EB39B}"
EndProject
Project("{2150E333-8FDC-42A3-9474-1A3956D46DE8}") = "Application", "Application", "{22BAF98C-8415-17C4-B26A-D537657BC863}"
EndProject
Project("{FAE04EC0-301F-11D3-BF4B-00C04F79EFBC}") = "HotChocolateDddCqrsTemplate.Application", "src\Application\HotChocolateDddCqrsTemplate.Application.csproj", "{DB11C857-5BF0-4491-B12B-E884A5718E64}"
EndProject
Project("{2150E333-8FDC-42A3-9474-1A3956D46DE8}") = "Infrastructure", "Infrastructure", "{9048EB7F-3875-A59E-E36B-5BD4C6F2A282}"
EndProject
Project("{FAE04EC0-301F-11D3-BF4B-00C04F79EFBC}") = "HotChocolateDddCqrsTemplate.Infrastructure", "src\Infrastructure\HotChocolateDddCqrsTemplate.Infrastructure.csproj", "{262A8FB6-4006-4FB5-8D36-FB45FB62BA39}"
EndProject
Project("{2150E333-8FDC-42A3-9474-1A3956D46DE8}") = "Api", "Api", "{81034408-37C8-1011-444E-4C15C2FADA8E}"
EndProject
Project("{FAE04EC0-301F-11D3-BF4B-00C04F79EFBC}") = "HotChocolateDddCqrsTemplate.Api", "src\Api\HotChocolateDddCqrsTemplate.Api.csproj", "{3D7B8847-1741-4D6E-9583-52B3A4C95524}"
EndProject
Project("{2150E333-8FDC-42A3-9474-1A3956D46DE8}") = "tests", "tests", "{0AB3BF05-4346-4AA6-1389-037BE0695223}"
EndProject
Project("{2150E333-8FDC-42A3-9474-1A3956D46DE8}") = "Domain.Tests", "Domain.Tests", "{6689DE0C-BD34-81AE-B353-DE31FCF7888B}"
EndProject
Project("{FAE04EC0-301F-11D3-BF4B-00C04F79EFBC}") = "HotChocolateDddCqrsTemplate.Domain.Tests", "tests\Domain.Tests\HotChocolateDddCqrsTemplate.Domain.Tests.csproj", "{38F5316F-78AA-4010-B26B-496E006B64CA}"
EndProject
Project("{2150E333-8FDC-42A3-9474-1A3956D46DE8}") = "Application.Tests", "Application.Tests", "{E54C5156-A79F-F12B-3B9F-7475A4B81BB0}"
EndProject
Project("{FAE04EC0-301F-11D3-BF4B-00C04F79EFBC}") = "HotChocolateDddCqrsTemplate.Application.Tests", "tests\Application.Tests\HotChocolateDddCqrsTemplate.Application.Tests.csproj", "{7B761573-7337-403B-A903-B07C2E42BB0A}"
EndProject
Project("{2150E333-8FDC-42A3-9474-1A3956D46DE8}") = "Architecture.Tests", "Architecture.Tests", "{E5AB533E-94D6-5DC6-D574-DB58F629B249}"
EndProject
Project("{FAE04EC0-301F-11D3-BF4B-00C04F79EFBC}") = "HotChocolateDddCqrsTemplate.Architecture.Tests", "tests\Architecture.Tests\HotChocolateDddCqrsTemplate.Architecture.Tests.csproj", "{632AE88C-C72A-40AD-9E74-E68C9EC8D6F1}"
EndProject
Project("{2150E333-8FDC-42A3-9474-1A3956D46DE8}") = "Integration.Tests", "Integration.Tests", "{0CBD8A84-ADDB-80AC-D34C-93737CE66ECA}"
EndProject
Project("{FAE04EC0-301F-11D3-BF4B-00C04F79EFBC}") = "HotChocolateDddCqrsTemplate.Integration.Tests", "tests\Integration.Tests\HotChocolateDddCqrsTemplate.Integration.Tests.csproj", "{8E640176-4987-4576-AB0D-B83E58CDDEBF}"
EndProject
Global
	GlobalSection(SolutionConfigurationPlatforms) = preSolution
		Debug|Any CPU = Debug|Any CPU
		Debug|x64 = Debug|x64
		Debug|x86 = Debug|x86
		Release|Any CPU = Release|Any CPU
		Release|x64 = Release|x64
		Release|x86 = Release|x86
	EndGlobalSection
	GlobalSection(ProjectConfigurationPlatforms) = postSolution
		{DB11C857-5BF0-4491-B12B-E884A5718E64}.Debug|Any CPU.ActiveCfg = Debug|Any CPU
		{DB11C857-5BF0-4491-B12B-E884A5718E64}.Debug|Any CPU.Build.0 = Debug|Any CPU
		{DB11C857-5BF0-4491-B12B-E884A5718E64}.Debug|x64.ActiveCfg = Debug|Any CPU
		{DB11C857-5BF0-4491-B12B-E884A5718E64}.Debug|x64.Build.0 = Debug|Any CPU
		{DB11C857-5BF0-4491-B12B-E884A5718E64}.Debug|x86.ActiveCfg = Debug|Any CPU
		{DB11C857-5BF0-4491-B12B-E884A5718E64}.Debug|x86.Build.0 = Debug|Any CPU
		{DB11C857-5BF0-4491-B12B-E884A5718E64}.Release|Any CPU.ActiveCfg = Release|Any CPU
		{DB11C857-5BF0-4491-B12B-E884A5718E64}.Release|Any CPU.Build.0 = Release|Any CPU
		{DB11C857-5BF0-4491-B12B-E884A5718E64}.Release|x64.ActiveCfg = Release|Any CPU
		{DB11C857-5BF0-4491-B12B-E884A5718E64}.Release|x64.Build.0 = Release|Any CPU
		{DB11C857-5BF0-4491-B12B-E884A5718E64}.Release|x86.ActiveCfg = Release|Any CPU
		{DB11C857-5BF0-4491-B12B-E884A5718E64}.Release|x86.Build.0 = Release|Any CPU
		{262A8FB6-4006-4FB5-8D36-FB45FB62BA39}.Debug|Any CPU.ActiveCfg = Debug|Any CPU
		{262A8FB6-4006-4FB5-8D36-FB45FB62BA39}.Debug|Any CPU.Build.0 = Debug|Any CPU
		{262A8FB6-4006-4FB5-8D36-FB45FB62BA39}.Debug|x64.ActiveCfg = Debug|Any CPU
		{262A8FB6-4006-4FB5-8D36-FB45FB62BA39}.Debug|x64.Build.0 = Debug|Any CPU
		{262A8FB6-4006-4FB5-8D36-FB45FB62BA39}.Debug|x86.ActiveCfg = Debug|Any CPU
		{262A8FB6-4006-4FB5-8D36-FB45FB62BA39}.Debug|x86.Build.0 = Debug|Any CPU
		{262A8FB6-4006-4FB5-8D36-FB45FB62BA39}.Release|Any CPU.ActiveCfg = Release|Any CPU
		{262A8FB6-4006-4FB5-8D36-FB45FB62BA39}.Release|Any CPU.Build.0 = Release|Any CPU
		{262A8FB6-4006-4FB5-8D36-FB45FB62BA39}.Release|x64.ActiveCfg = Release|Any CPU
		{262A8FB6-4006-4FB5-8D36-FB45FB62BA39}.Release|x64.Build.0 = Release|Any CPU
		{262A8FB6-4006-4FB5-8D36-FB45FB62BA39}.Release|x86.ActiveCfg = Release|Any CPU
		{262A8FB6-4006-4FB5-8D36-FB45FB62BA39}.Release|x86.Build.0 = Release|Any CPU
		{3D7B8847-1741-4D6E-9583-52B3A4C95524}.Debug|Any CPU.ActiveCfg = Debug|Any CPU
		{3D7B8847-1741-4D6E-9583-52B3A4C95524}.Debug|Any CPU.Build.0 = Debug|Any CPU
		{3D7B8847-1741-4D6E-9583-52B3A4C95524}.Debug|x64.ActiveCfg = Debug|Any CPU
		{3D7B8847-1741-4D6E-9583-52B3A4C95524}.Debug|x64.Build.0 = Debug|Any CPU
		{3D7B8847-1741-4D6E-9583-52B3A4C95524}.Debug|x86.ActiveCfg = Debug|Any CPU
		{3D7B8847-1741-4D6E-9583-52B3A4C95524}.Debug|x86.Build.0 = Debug|Any CPU
		{3D7B8847-1741-4D6E-9583-52B3A4C95524}.Release|Any CPU.ActiveCfg = Release|Any CPU
		{3D7B8847-1741-4D6E-9583-52B3A4C95524}.Release|Any CPU.Build.0 = Release|Any CPU
		{3D7B8847-1741-4D6E-9583-52B3A4C95524}.Release|x64.ActiveCfg = Release|Any CPU
		{3D7B8847-1741-4D6E-9583-52B3A4C95524}.Release|x64.Build.0 = Release|Any CPU
		{3D7B8847-1741-4D6E-9583-52B3A4C95524}.Release|x86.ActiveCfg = Release|Any CPU
		{3D7B8847-1741-4D6E-9583-52B3A4C95524}.Release|x86.Build.0 = Release|Any CPU
		{38F5316F-78AA-4010-B26B-496E006B64CA}.Debug|Any CPU.ActiveCfg = Debug|Any CPU
		{38F5316F-78AA-4010-B26B-496E006B64CA}.Debug|Any CPU.Build.0 = Debug|Any CPU
		{38F5316F-78AA-4010-B26B-496E006B64CA}.Debug|x64.ActiveCfg = Debug|Any CPU
		{38F5316F-78AA-4010-B26B-496E006B64CA}.Debug|x64.Build.0 = Debug|Any CPU
		{38F5316F-78AA-4010-B26B-496E006B64CA}.Debug|x86.ActiveCfg = Debug|Any CPU
		{38F5316F-78AA-4010-B26B-496E006B64CA}.Debug|x86.Build.0 = Debug|Any CPU
		{38F5316F-78AA-4010-B26B-496E006B64CA}.Release|Any CPU.ActiveCfg = Release|Any CPU
		{38F5316F-78AA-4010-B26B-496E006B64CA}.Release|Any CPU.Build.0 = Release|Any CPU
		{38F5316F-78AA-4010-B26B-496E006B64CA}.Release|x64.ActiveCfg = Release|Any CPU
		{38F5316F-78AA-4010-B26B-496E006B64CA}.Release|x64.Build.0 = Release|Any CPU
		{38F5316F-78AA-4010-B26B-496E006B64CA}.Release|x86.ActiveCfg = Release|Any CPU
		{38F5316F-78AA-4010-B26B-496E006B64CA}.Release|x86.Build.0 = Release|Any CPU
		{7B761573-7337-403B-A903-B07C2E42BB0A}.Debug|Any CPU.ActiveCfg = Debug|Any CPU
		{7B761573-7337-403B-A903-B07C2E42BB0A}.Debug|Any CPU.Build.0 = Debug|Any CPU
		{7B761573-7337-403B-A903-B07C2E42BB0A}.Debug|x64.ActiveCfg = Debug|Any CPU
		{7B761573-7337-403B-A903-B07C2E42BB0A}.Debug|x64.Build.0 = Debug|Any CPU
		{7B761573-7337-403B-A903-B07C2E42BB0A}.Debug|x86.ActiveCfg = Debug|Any CPU
		{7B761573-7337-403B-A903-B07C2E42BB0A}.Debug|x86.Build.0 = Debug|Any CPU
		{7B761573-7337-403B-A903-B07C2E42BB0A}.Release|Any CPU.ActiveCfg = Release|Any CPU
		{7B761573-7337-403B-A903-B07C2E42BB0A}.Release|Any CPU.Build.0 = Release|Any CPU
		{7B761573-7337-403B-A903-B07C2E42BB0A}.Release|x64.ActiveCfg = Release|Any CPU
		{7B761573-7337-403B-A903-B07C2E42BB0A}.Release|x64.Build.0 = Release|Any CPU
		{7B761573-7337-403B-A903-B07C2E42BB0A}.Release|x86.ActiveCfg = Release|Any CPU
		{7B761573-7337-403B-A903-B07C2E42BB0A}.Release|x86.Build.0 = Release|Any CPU
		{632AE88C-C72A-40AD-9E74-E68C9EC8D6F1}.Debug|Any CPU.ActiveCfg = Debug|Any CPU
		{632AE88C-C72A-40AD-9E74-E68C9EC8D6F1}.Debug|Any CPU.Build.0 = Debug|Any CPU
		{632AE88C-C72A-40AD-9E74-E68C9EC8D6F1}.Debug|x64.ActiveCfg = Debug|Any CPU
		{632AE88C-C72A-40AD-9E74-E68C9EC8D6F1}.Debug|x64.Build.0 = Debug|Any CPU
		{632AE88C-C72A-40AD-9E74-E68C9EC8D6F1}.Debug|x86.ActiveCfg = Debug|Any CPU
		{632AE88C-C72A-40AD-9E74-E68C9EC8D6F1}.Debug|x86.Build.0 = Debug|Any CPU
		{632AE88C-C72A-40AD-9E74-E68C9EC8D6F1}.Release|Any CPU.ActiveCfg = Release|Any CPU
		{632AE88C-C72A-40AD-9E74-E68C9EC8D6F1}.Release|Any CPU.Build.0 = Release|Any CPU
		{632AE88C-C72A-40AD-9E74-E68C9EC8D6F1}.Release|x64.ActiveCfg = Release|Any CPU
		{632AE88C-C72A-40AD-9E74-E68C9EC8D6F1}.Release|x64.Build.0 = Release|Any CPU
		{632AE88C-C72A-40AD-9E74-E68C9EC8D6F1}.Release|x86.ActiveCfg = Release|Any CPU
		{632AE88C-C72A-40AD-9E74-E68C9EC8D6F1}.Release|x86.Build.0 = Release|Any CPU
		{8E640176-4987-4576-AB0D-B83E58CDDEBF}.Debug|Any CPU.ActiveCfg = Debug|Any CPU
		{8E640176-4987-4576-AB0D-B83E58CDDEBF}.Debug|Any CPU.Build.0 = Debug|Any CPU
		{8E640176-4987-4576-AB0D-B83E58CDDEBF}.Debug|x64.ActiveCfg = Debug|Any CPU
		{8E640176-4987-4576-AB0D-B83E58CDDEBF}.Debug|x64.Build.0 = Debug|Any CPU
		{8E640176-4987-4576-AB0D-B83E58CDDEBF}.Debug|x86.ActiveCfg = Debug|Any CPU
		{8E640176-4987-4576-AB0D-B83E58CDDEBF}.Debug|x86.Build.0 = Debug|Any CPU
		{8E640176-4987-4576-AB0D-B83E58CDDEBF}.Release|Any CPU.ActiveCfg = Release|Any CPU
		{8E640176-4987-4576-AB0D-B83E58CDDEBF}.Release|Any CPU.Build.0 = Release|Any CPU
		{8E640176-4987-4576-AB0D-B83E58CDDEBF}.Release|x64.ActiveCfg = Release|Any CPU
		{8E640176-4987-4576-AB0D-B83E58CDDEBF}.Release|x64.Build.0 = Release|Any CPU
		{8E640176-4987-4576-AB0D-B83E58CDDEBF}.Release|x86.ActiveCfg = Release|Any CPU
		{8E640176-4987-4576-AB0D-B83E58CDDEBF}.Release|x86.Build.0 = Release|Any CPU
	EndGlobalSection
	GlobalSection(SolutionProperties) = preSolution
		HideSolutionNode = FALSE
	EndGlobalSection
	GlobalSection(NestedProjects) = preSolution
		{22BAF98C-8415-17C4-B26A-D537657BC863} = {827E0CD3-B72D-47B6-A68D-7590B98EB39B}
		{DB11C857-5BF0-4491-B12B-E884A5718E64} = {22BAF98C-8415-17C4-B26A-D537657BC863}
		{9048EB7F-3875-A59E-E36B-5BD4C6F2A282} = {827E0CD3-B72D-47B6-A68D-7590B98EB39B}
		{262A8FB6-4006-4FB5-8D36-FB45FB62BA39} = {9048EB7F-3875-A59E-E36B-5BD4C6F2A282}
		{81034408-37C8-1011-444E-4C15C2FADA8E} = {827E0CD3-B72D-47B6-A68D-7590B98EB39B}
		{3D7B8847-1741-4D6E-9583-52B3A4C95524} = {81034408-37C8-1011-444E-4C15C2FADA8E}
		{6689DE0C-BD34-81AE-B353-DE31FCF7888B} = {0AB3BF05-4346-4AA6-1389-037BE0695223}
		{38F5316F-78AA-4010-B26B-496E006B64CA} = {6689DE0C-BD34-81AE-B353-DE31FCF7888B}
		{E54C5156-A79F-F12B-3B9F-7475A4B81BB0} = {0AB3BF05-4346-4AA6-1389-037BE0695223}
		{7B761573-7337-403B-A903-B07C2E42BB0A} = {E54C5156-A79F-F12B-3B9F-7475A4B81BB0}
		{E5AB533E-94D6-5DC6-D574-DB58F629B249} = {0AB3BF05-4346-4AA6-1389-037BE0695223}
		{632AE88C-C72A-40AD-9E74-E68C9EC8D6F1} = {E5AB533E-94D6-5DC6-D574-DB58F629B249}
		{0CBD8A84-ADDB-80AC-D34C-93737CE66ECA} = {0AB3BF05-4346-4AA6-1389-037BE0695223}
		{8E640176-4987-4576-AB0D-B83E58CDDEBF} = {0CBD8A84-ADDB-80AC-D34C-93737CE66ECA}
	EndGlobalSection
EndGlobal
